
Microsoft Visual Studio Solution File, Format Version 12.00
# Visual Studio Version 17
VisualStudioVersion = 17.5.33516.290
MinimumVisualStudioVersion = 10.0.40219.1
Project("{FAE04EC0-301F-11D3-BF4B-00C04F79EFBC}") = "C# 공부2", "C# 공부2\C# 공부2.csproj", "{2520FA66-5A34-4AD6-A5F0-3861E1CCB8A8}"
EndProject
Global
	GlobalSection(SolutionConfigurationPlatforms) = preSolution
		Debug|Any CPU = Debug|Any CPU
		Release|Any CPU = Release|Any CPU
	EndGlobalSection
	GlobalSection(ProjectConfigurationPlatforms) = postSolution
		{2520FA66-5A34-4AD6-A5F0-3861E1CCB8A8}.Debug|Any CPU.ActiveCfg = Debug|Any CPU
		{2520FA66-5A34-4AD6-A5F0-3861E1CCB8A8}.Debug|Any CPU.Build.0 = Debug|Any CPU
		{2520FA66-5A34-4AD6-A5F0-3861E1CCB8A8}.Release|Any CPU.ActiveCfg = Release|Any CPU
		{2520FA66-5A34-4AD6-A5F0-3861E1CCB8A8}.Release|Any CPU.Build.0 = Release|Any CPU
	EndGlobalSection
	GlobalSection(SolutionProperties) = preSolution
		HideSolutionNode = FALSE
	EndGlobalSection
	GlobalSection(ExtensibilityGlobals) = postSolution
		SolutionGuid = {92640B8B-958E-4545-AF81-8812525CEDDC}
	EndGlobalSection
EndGlobal
